{
  "name": "calendapi",
  "version": "1.0.69",
  "lockfileVersion": 2,
  "requires": true,
  "packages": {
    "": {
      "name": "calendapi",
      "version": "1.0.69",
      "dependencies": {
        "dayjs": "^1.11.6",
        "hono": "^2.3.1"
      },
      "devDependencies": {
        "bun-types": "latest"
      }
    },
    "node_modules/bun-types": {
      "version": "0.2.1",
      "resolved": "https://registry.npmjs.org/bun-types/-/bun-types-0.2.1.tgz",
      "integrity": "sha512-Lrpmw0c+Z6a9XrV68hUvk5SW0sg1Nls3fM5nonm0+2IBCOQD4PQmCpbtnaE7NhY4NJ5pY+PVq7qCO6ukDRvFBw==",
      "dev": true
    },
    "node_modules/dayjs": {
      "version": "1.11.6",
      "resolved": "https://registry.npmjs.org/dayjs/-/dayjs-1.11.6.tgz",
      "integrity": "sha512-zZbY5giJAinCG+7AGaw0wIhNZ6J8AhWuSXKvuc1KAyMiRsvGQWqh4L+MomvhdAYjN+lqvVCMq1I41e3YHvXkyQ=="
    },
    "node_modules/hono": {
      "version": "2.3.1",
      "resolved": "https://registry.npmjs.org/hono/-/hono-2.3.1.tgz",
      "integrity": "sha512-BEzk6Lkb1cuEoEEo/V0j8jHBIJL+s6B2E5Y5v9WX8AXFaxeaRBdLK0U3isMclAUGs5mDpEK5cmXd23LAbwUZIQ==",
      "engines": {
        "node": ">=16.0.0"
      }
    }
  },
  "dependencies": {
    "bun-types": {
      "version": "0.2.1",
      "resolved": "https://registry.npmjs.org/bun-types/-/bun-types-0.2.1.tgz",
      "integrity": "sha512-Lrpmw0c+Z6a9XrV68hUvk5SW0sg1Nls3fM5nonm0+2IBCOQD4PQmCpbtnaE7NhY4NJ5pY+PVq7qCO6ukDRvFBw==",
      "dev": true
    },
    "dayjs": {
      "version": "1.11.6",
      "resolved": "https://registry.npmjs.org/dayjs/-/dayjs-1.11.6.tgz",
      "integrity": "sha512-zZbY5giJAinCG+7AGaw0wIhNZ6J8AhWuSXKvuc1KAyMiRsvGQWqh4L+MomvhdAYjN+lqvVCMq1I41e3YHvXkyQ=="
    },
    "hono": {
      "version": "2.3.1",
      "resolved": "https://registry.npmjs.org/hono/-/hono-2.3.1.tgz",
      "integrity": "sha512-BEzk6Lkb1cuEoEEo/V0j8jHBIJL+s6B2E5Y5v9WX8AXFaxeaRBdLK0U3isMclAUGs5mDpEK5cmXd23LAbwUZIQ=="
    }
  }
}
